
Microsoft Visual Studio Solution File, Format Version 12.00
# Visual Studio Version 16
VisualStudioVersion = 16.0.30907.101
MinimumVisualStudioVersion = 10.0.40219.1
Project("{FAE04EC0-301F-11D3-BF4B-00C04F79EFBC}") = "Day11", "Day11\Day11.csproj", "{64E7BC04-02CE-4459-8A04-C80B79795412}"
EndProject
Project("{FAE04EC0-301F-11D3-BF4B-00C04F79EFBC}") = "Model", "Model\Model.csproj", "{607CF092-835F-4903-9B76-B1A91030CBDE}"
EndProject
Project("{FAE04EC0-301F-11D3-BF4B-00C04F79EFBC}") = "DAL", "DAL\DAL.csproj", "{67A01F6A-F3EB-4897-B9FD-A43BF0F28E18}"
EndProject
Project("{FAE04EC0-301F-11D3-BF4B-00C04F79EFBC}") = "BLL", "BLL\BLL.csproj", "{6D05E55D-8C1A-43E5-BF9D-CB1ED4AD9E7A}"
EndProject
Global
	GlobalSection(SolutionConfigurationPlatforms) = preSolution
		Debug|Any CPU = Debug|Any CPU
		Release|Any CPU = Release|Any CPU
	EndGlobalSection
	GlobalSection(ProjectConfigurationPlatforms) = postSolution
		{64E7BC04-02CE-4459-8A04-C80B79795412}.Debug|Any CPU.ActiveCfg = Debug|Any CPU
		{64E7BC04-02CE-4459-8A04-C80B79795412}.Debug|Any CPU.Build.0 = Debug|Any CPU
		{64E7BC04-02CE-4459-8A04-C80B79795412}.Release|Any CPU.ActiveCfg = Release|Any CPU
		{64E7BC04-02CE-4459-8A04-C80B79795412}.Release|Any CPU.Build.0 = Release|Any CPU
		{607CF092-835F-4903-9B76-B1A91030CBDE}.Debug|Any CPU.ActiveCfg = Debug|Any CPU
		{607CF092-835F-4903-9B76-B1A91030CBDE}.Debug|Any CPU.Build.0 = Debug|Any CPU
		{607CF092-835F-4903-9B76-B1A91030CBDE}.Release|Any CPU.ActiveCfg = Release|Any CPU
		{607CF092-835F-4903-9B76-B1A91030CBDE}.Release|Any CPU.Build.0 = Release|Any CPU
		{67A01F6A-F3EB-4897-B9FD-A43BF0F28E18}.Debug|Any CPU.ActiveCfg = Debug|Any CPU
		{67A01F6A-F3EB-4897-B9FD-A43BF0F28E18}.Debug|Any CPU.Build.0 = Debug|Any CPU
		{67A01F6A-F3EB-4897-B9FD-A43BF0F28E18}.Release|Any CPU.ActiveCfg = Release|Any CPU
		{67A01F6A-F3EB-4897-B9FD-A43BF0F28E18}.Release|Any CPU.Build.0 = Release|Any CPU
		{6D05E55D-8C1A-43E5-BF9D-CB1ED4AD9E7A}.Debug|Any CPU.ActiveCfg = Debug|Any CPU
		{6D05E55D-8C1A-43E5-BF9D-CB1ED4AD9E7A}.Debug|Any CPU.Build.0 = Debug|Any CPU
		{6D05E55D-8C1A-43E5-BF9D-CB1ED4AD9E7A}.Release|Any CPU.ActiveCfg = Release|Any CPU
		{6D05E55D-8C1A-43E5-BF9D-CB1ED4AD9E7A}.Release|Any CPU.Build.0 = Release|Any CPU
	EndGlobalSection
	GlobalSection(SolutionProperties) = preSolution
		HideSolutionNode = FALSE
	EndGlobalSection
	GlobalSection(ExtensibilityGlobals) = postSolution
		SolutionGuid = {3B387BC2-F50C-4BAC-952F-152DDFB63644}
	EndGlobalSection
EndGlobal
